
Microsoft Visual Studio Solution File, Format Version 12.00
# Visual Studio 15
VisualStudioVersion = 15.0.26124.0
MinimumVisualStudioVersion = 15.0.26124.0
Project("{FAE04EC0-301F-11D3-BF4B-00C04F79EFBC}") = "API", "API\API.csproj", "{3DB2A674-1BF8-458A-9579-D83DA13E2735}"
EndProject
Project("{FAE04EC0-301F-11D3-BF4B-00C04F79EFBC}") = "Core", "Core\Core.csproj", "{2F5E2857-FC9A-4DFF-985B-98C678CB827E}"
EndProject
Project("{FAE04EC0-301F-11D3-BF4B-00C04F79EFBC}") = "Infrastucture", "Infrastucture\Infrastucture.csproj", "{9C3B90DF-BEE7-43C3-B9D7-979B8EC3E2AA}"
EndProject
Global
	GlobalSection(SolutionConfigurationPlatforms) = preSolution
		Debug|Any CPU = Debug|Any CPU
		Debug|x64 = Debug|x64
		Debug|x86 = Debug|x86
		Release|Any CPU = Release|Any CPU
		Release|x64 = Release|x64
		Release|x86 = Release|x86
	EndGlobalSection
	GlobalSection(SolutionProperties) = preSolution
		HideSolutionNode = FALSE
	EndGlobalSection
	GlobalSection(ProjectConfigurationPlatforms) = postSolution
		{3DB2A674-1BF8-458A-9579-D83DA13E2735}.Debug|Any CPU.ActiveCfg = Debug|Any CPU
		{3DB2A674-1BF8-458A-9579-D83DA13E2735}.Debug|Any CPU.Build.0 = Debug|Any CPU
		{3DB2A674-1BF8-458A-9579-D83DA13E2735}.Debug|x64.ActiveCfg = Debug|Any CPU
		{3DB2A674-1BF8-458A-9579-D83DA13E2735}.Debug|x64.Build.0 = Debug|Any CPU
		{3DB2A674-1BF8-458A-9579-D83DA13E2735}.Debug|x86.ActiveCfg = Debug|Any CPU
		{3DB2A674-1BF8-458A-9579-D83DA13E2735}.Debug|x86.Build.0 = Debug|Any CPU
		{3DB2A674-1BF8-458A-9579-D83DA13E2735}.Release|Any CPU.ActiveCfg = Release|Any CPU
		{3DB2A674-1BF8-458A-9579-D83DA13E2735}.Release|Any CPU.Build.0 = Release|Any CPU
		{3DB2A674-1BF8-458A-9579-D83DA13E2735}.Release|x64.ActiveCfg = Release|Any CPU
		{3DB2A674-1BF8-458A-9579-D83DA13E2735}.Release|x64.Build.0 = Release|Any CPU
		{3DB2A674-1BF8-458A-9579-D83DA13E2735}.Release|x86.ActiveCfg = Release|Any CPU
		{3DB2A674-1BF8-458A-9579-D83DA13E2735}.Release|x86.Build.0 = Release|Any CPU
		{2F5E2857-FC9A-4DFF-985B-98C678CB827E}.Debug|Any CPU.ActiveCfg = Debug|Any CPU
		{2F5E2857-FC9A-4DFF-985B-98C678CB827E}.Debug|Any CPU.Build.0 = Debug|Any CPU
		{2F5E2857-FC9A-4DFF-985B-98C678CB827E}.Debug|x64.ActiveCfg = Debug|Any CPU
		{2F5E2857-FC9A-4DFF-985B-98C678CB827E}.Debug|x64.Build.0 = Debug|Any CPU
		{2F5E2857-FC9A-4DFF-985B-98C678CB827E}.Debug|x86.ActiveCfg = Debug|Any CPU
		{2F5E2857-FC9A-4DFF-985B-98C678CB827E}.Debug|x86.Build.0 = Debug|Any CPU
		{2F5E2857-FC9A-4DFF-985B-98C678CB827E}.Release|Any CPU.ActiveCfg = Release|Any CPU
		{2F5E2857-FC9A-4DFF-985B-98C678CB827E}.Release|Any CPU.Build.0 = Release|Any CPU
		{2F5E2857-FC9A-4DFF-985B-98C678CB827E}.Release|x64.ActiveCfg = Release|Any CPU
		{2F5E2857-FC9A-4DFF-985B-98C678CB827E}.Release|x64.Build.0 = Release|Any CPU
		{2F5E2857-FC9A-4DFF-985B-98C678CB827E}.Release|x86.ActiveCfg = Release|Any CPU
		{2F5E2857-FC9A-4DFF-985B-98C678CB827E}.Release|x86.Build.0 = Release|Any CPU
		{9C3B90DF-BEE7-43C3-B9D7-979B8EC3E2AA}.Debug|Any CPU.ActiveCfg = Debug|Any CPU
		{9C3B90DF-BEE7-43C3-B9D7-979B8EC3E2AA}.Debug|Any CPU.Build.0 = Debug|Any CPU
		{9C3B90DF-BEE7-43C3-B9D7-979B8EC3E2AA}.Debug|x64.ActiveCfg = Debug|Any CPU
		{9C3B90DF-BEE7-43C3-B9D7-979B8EC3E2AA}.Debug|x64.Build.0 = Debug|Any CPU
		{9C3B90DF-BEE7-43C3-B9D7-979B8EC3E2AA}.Debug|x86.ActiveCfg = Debug|Any CPU
		{9C3B90DF-BEE7-43C3-B9D7-979B8EC3E2AA}.Debug|x86.Build.0 = Debug|Any CPU
		{9C3B90DF-BEE7-43C3-B9D7-979B8EC3E2AA}.Release|Any CPU.ActiveCfg = Release|Any CPU
		{9C3B90DF-BEE7-43C3-B9D7-979B8EC3E2AA}.Release|Any CPU.Build.0 = Release|Any CPU
		{9C3B90DF-BEE7-43C3-B9D7-979B8EC3E2AA}.Release|x64.ActiveCfg = Release|Any CPU
		{9C3B90DF-BEE7-43C3-B9D7-979B8EC3E2AA}.Release|x64.Build.0 = Release|Any CPU
		{9C3B90DF-BEE7-43C3-B9D7-979B8EC3E2AA}.Release|x86.ActiveCfg = Release|Any CPU
		{9C3B90DF-BEE7-43C3-B9D7-979B8EC3E2AA}.Release|x86.Build.0 = Release|Any CPU
	EndGlobalSection
EndGlobal
